
Microsoft Visual Studio Solution File, Format Version 12.00
# Visual Studio Version 17
VisualStudioVersion = 17.6.33829.357
MinimumVisualStudioVersion = 10.0.40219.1
Project("{FAE04EC0-301F-11D3-BF4B-00C04F79EFBC}") = "yvablazor", "yvablazor\yvablazor.csproj", "{A5CA6200-3A09-4271-BAB5-205047ABEB01}"
EndProject
Global
	GlobalSection(SolutionConfigurationPlatforms) = preSolution
		Debug|Any CPU = Debug|Any CPU
		Release|Any CPU = Release|Any CPU
	EndGlobalSection
	GlobalSection(ProjectConfigurationPlatforms) = postSolution
		{A5CA6200-3A09-4271-BAB5-205047ABEB01}.Debug|Any CPU.ActiveCfg = Debug|Any CPU
		{A5CA6200-3A09-4271-BAB5-205047ABEB01}.Debug|Any CPU.Build.0 = Debug|Any CPU
		{A5CA6200-3A09-4271-BAB5-205047ABEB01}.Release|Any CPU.ActiveCfg = Release|Any CPU
		{A5CA6200-3A09-4271-BAB5-205047ABEB01}.Release|Any CPU.Build.0 = Release|Any CPU
	EndGlobalSection
	GlobalSection(SolutionProperties) = preSolution
		HideSolutionNode = FALSE
	EndGlobalSection
	GlobalSection(ExtensibilityGlobals) = postSolution
		SolutionGuid = {6F3E3DD5-7C32-40C2-B4B7-4CEBEE8B116A}
	EndGlobalSection
EndGlobal
